
Microsoft Visual Studio Solution File, Format Version 12.00
# Visual Studio Version 17
VisualStudioVersion = 17.8.34330.188
MinimumVisualStudioVersion = 10.0.40219.1
Project("{FAE04EC0-301F-11D3-BF4B-00C04F79EFBC}") = "00013374_SurveyForm.Server", "00013374_SurveyForm.Server\00013374_SurveyForm.Server.csproj", "{775B20DB-92EF-461B-B952-8F04CCBEAC39}"
EndProject
Project("{54A90642-561A-4BB1-A94E-469ADEE60C69}") = "00013374_surveyform.client", "00013374_surveyform.client\00013374_surveyform.client.esproj", "{E675D9E5-7B8C-4E3C-BE66-D13AFAC9F859}"
EndProject
Global
	GlobalSection(SolutionConfigurationPlatforms) = preSolution
		Debug|Any CPU = Debug|Any CPU
		Release|Any CPU = Release|Any CPU
	EndGlobalSection
	GlobalSection(ProjectConfigurationPlatforms) = postSolution
		{775B20DB-92EF-461B-B952-8F04CCBEAC39}.Debug|Any CPU.ActiveCfg = Debug|Any CPU
		{775B20DB-92EF-461B-B952-8F04CCBEAC39}.Debug|Any CPU.Build.0 = Debug|Any CPU
		{775B20DB-92EF-461B-B952-8F04CCBEAC39}.Release|Any CPU.ActiveCfg = Release|Any CPU
		{775B20DB-92EF-461B-B952-8F04CCBEAC39}.Release|Any CPU.Build.0 = Release|Any CPU
		{E675D9E5-7B8C-4E3C-BE66-D13AFAC9F859}.Debug|Any CPU.ActiveCfg = Debug|Any CPU
		{E675D9E5-7B8C-4E3C-BE66-D13AFAC9F859}.Debug|Any CPU.Build.0 = Debug|Any CPU
		{E675D9E5-7B8C-4E3C-BE66-D13AFAC9F859}.Debug|Any CPU.Deploy.0 = Debug|Any CPU
		{E675D9E5-7B8C-4E3C-BE66-D13AFAC9F859}.Release|Any CPU.ActiveCfg = Release|Any CPU
		{E675D9E5-7B8C-4E3C-BE66-D13AFAC9F859}.Release|Any CPU.Build.0 = Release|Any CPU
		{E675D9E5-7B8C-4E3C-BE66-D13AFAC9F859}.Release|Any CPU.Deploy.0 = Release|Any CPU
	EndGlobalSection
	GlobalSection(SolutionProperties) = preSolution
		HideSolutionNode = FALSE
	EndGlobalSection
	GlobalSection(ExtensibilityGlobals) = postSolution
		SolutionGuid = {79B79325-F805-4458-99FD-7256A5BEE04C}
	EndGlobalSection
EndGlobal
